
Microsoft Visual Studio Solution File, Format Version 12.00
# Visual Studio Version 17
VisualStudioVersion = 17.0.31903.59
MinimumVisualStudioVersion = 10.0.40219.1
Project("{FAE04EC0-301F-11D3-BF4B-00C04F79EFBC}") = "Cello", "Cello\Cello.csproj", "{6C48668F-6EF5-4D61-B9EE-062A714329F3}"
EndProject
Project("{FAE04EC0-301F-11D3-BF4B-00C04F79EFBC}") = "Cello.Tests", "Cello.Tests\Cello.Tests.csproj", "{A1954E02-2FD5-4253-87AA-BED6E8FEE402}"
EndProject
Project("{FAE04EC0-301F-11D3-BF4B-00C04F79EFBC}") = "xbat", "xbat\xbat.csproj", "{C26DF5F1-4A7E-4907-8D77-7C404E65DB5A}"
EndProject
Global
	GlobalSection(SolutionConfigurationPlatforms) = preSolution
		Debug|Any CPU = Debug|Any CPU
		Debug|x64 = Debug|x64
		Debug|x86 = Debug|x86
		Release|Any CPU = Release|Any CPU
		Release|x64 = Release|x64
		Release|x86 = Release|x86
	EndGlobalSection
	GlobalSection(ProjectConfigurationPlatforms) = postSolution
		{6C48668F-6EF5-4D61-B9EE-062A714329F3}.Debug|Any CPU.ActiveCfg = Debug|Any CPU
		{6C48668F-6EF5-4D61-B9EE-062A714329F3}.Debug|Any CPU.Build.0 = Debug|Any CPU
		{6C48668F-6EF5-4D61-B9EE-062A714329F3}.Debug|x64.ActiveCfg = Debug|Any CPU
		{6C48668F-6EF5-4D61-B9EE-062A714329F3}.Debug|x64.Build.0 = Debug|Any CPU
		{6C48668F-6EF5-4D61-B9EE-062A714329F3}.Debug|x86.ActiveCfg = Debug|Any CPU
		{6C48668F-6EF5-4D61-B9EE-062A714329F3}.Debug|x86.Build.0 = Debug|Any CPU
		{6C48668F-6EF5-4D61-B9EE-062A714329F3}.Release|Any CPU.ActiveCfg = Release|Any CPU
		{6C48668F-6EF5-4D61-B9EE-062A714329F3}.Release|Any CPU.Build.0 = Release|Any CPU
		{6C48668F-6EF5-4D61-B9EE-062A714329F3}.Release|x64.ActiveCfg = Release|Any CPU
		{6C48668F-6EF5-4D61-B9EE-062A714329F3}.Release|x64.Build.0 = Release|Any CPU
		{6C48668F-6EF5-4D61-B9EE-062A714329F3}.Release|x86.ActiveCfg = Release|Any CPU
		{6C48668F-6EF5-4D61-B9EE-062A714329F3}.Release|x86.Build.0 = Release|Any CPU
		{A1954E02-2FD5-4253-87AA-BED6E8FEE402}.Debug|Any CPU.ActiveCfg = Debug|Any CPU
		{A1954E02-2FD5-4253-87AA-BED6E8FEE402}.Debug|Any CPU.Build.0 = Debug|Any CPU
		{A1954E02-2FD5-4253-87AA-BED6E8FEE402}.Debug|x64.ActiveCfg = Debug|Any CPU
		{A1954E02-2FD5-4253-87AA-BED6E8FEE402}.Debug|x64.Build.0 = Debug|Any CPU
		{A1954E02-2FD5-4253-87AA-BED6E8FEE402}.Debug|x86.ActiveCfg = Debug|Any CPU
		{A1954E02-2FD5-4253-87AA-BED6E8FEE402}.Debug|x86.Build.0 = Debug|Any CPU
		{A1954E02-2FD5-4253-87AA-BED6E8FEE402}.Release|Any CPU.ActiveCfg = Release|Any CPU
		{A1954E02-2FD5-4253-87AA-BED6E8FEE402}.Release|Any CPU.Build.0 = Release|Any CPU
		{A1954E02-2FD5-4253-87AA-BED6E8FEE402}.Release|x64.ActiveCfg = Release|Any CPU
		{A1954E02-2FD5-4253-87AA-BED6E8FEE402}.Release|x64.Build.0 = Release|Any CPU
		{A1954E02-2FD5-4253-87AA-BED6E8FEE402}.Release|x86.ActiveCfg = Release|Any CPU
		{A1954E02-2FD5-4253-87AA-BED6E8FEE402}.Release|x86.Build.0 = Release|Any CPU
		{C26DF5F1-4A7E-4907-8D77-7C404E65DB5A}.Debug|Any CPU.ActiveCfg = Debug|Any CPU
		{C26DF5F1-4A7E-4907-8D77-7C404E65DB5A}.Debug|Any CPU.Build.0 = Debug|Any CPU
		{C26DF5F1-4A7E-4907-8D77-7C404E65DB5A}.Debug|x64.ActiveCfg = Debug|Any CPU
		{C26DF5F1-4A7E-4907-8D77-7C404E65DB5A}.Debug|x64.Build.0 = Debug|Any CPU
		{C26DF5F1-4A7E-4907-8D77-7C404E65DB5A}.Debug|x86.ActiveCfg = Debug|Any CPU
		{C26DF5F1-4A7E-4907-8D77-7C404E65DB5A}.Debug|x86.Build.0 = Debug|Any CPU
		{C26DF5F1-4A7E-4907-8D77-7C404E65DB5A}.Release|Any CPU.ActiveCfg = Release|Any CPU
		{C26DF5F1-4A7E-4907-8D77-7C404E65DB5A}.Release|Any CPU.Build.0 = Release|Any CPU
		{C26DF5F1-4A7E-4907-8D77-7C404E65DB5A}.Release|x64.ActiveCfg = Release|Any CPU
		{C26DF5F1-4A7E-4907-8D77-7C404E65DB5A}.Release|x64.Build.0 = Release|Any CPU
		{C26DF5F1-4A7E-4907-8D77-7C404E65DB5A}.Release|x86.ActiveCfg = Release|Any CPU
		{C26DF5F1-4A7E-4907-8D77-7C404E65DB5A}.Release|x86.Build.0 = Release|Any CPU
	EndGlobalSection
	GlobalSection(SolutionProperties) = preSolution
		HideSolutionNode = FALSE
	EndGlobalSection
EndGlobal
